// !$*UTF8*$!
{
	archiveVersion = 1;
	classes = {
	};
	objectVersion = 56;
	objects = {

/* Begin PBXBuildFile section */
		5F57DE1D2C34011A00E54238 /* CoreMLIntroApp.swift in Sources */ = {isa = PBXBuildFile; fileRef = 5F57DE1C2C34011A00E54238 /* CoreMLIntroApp.swift */; };
		5F57DE1F2C34011A00E54238 /* ContentView.swift in Sources */ = {isa = PBXBuildFile; fileRef = 5F57DE1E2C34011A00E54238 /* ContentView.swift */; };
		5F57DE212C34011C00E54238 /* Assets.xcassets in Resources */ = {isa = PBXBuildFile; fileRef = 5F57DE202C34011C00E54238 /* Assets.xcassets */; };
		5F57DE242C34011C00E54238 /* Preview Assets.xcassets in Resources */ = {isa = PBXBuildFile; fileRef = 5F57DE232C34011C00E54238 /* Preview Assets.xcassets */; };
		5F57DE2B2C34185000E54238 /* Upscaler.swift in Sources */ = {isa = PBXBuildFile; fileRef = 5F57DE2A2C34185000E54238 /* Upscaler.swift */; };
		5F57DE2D2C34189F00E54238 /* Anime512.mlmodel in Sources */ = {isa = PBXBuildFile; fileRef = 5F57DE2C2C34189F00E54238 /* Anime512.mlmodel */; };
		5F57DE2F2C341A3500E54238 /* UIImage+CVPixelBuffer.swift in Sources */ = {isa = PBXBuildFile; fileRef = 5F57DE2E2C341A3400E54238 /* UIImage+CVPixelBuffer.swift */; };
		5F57DE312C341A6500E54238 /* CGImage+CVPixelBuffer.swift in Sources */ = {isa = PBXBuildFile; fileRef = 5F57DE302C341A6500E54238 /* CGImage+CVPixelBuffer.swift */; };
		5F57DE332C341AD400E54238 /* Utilities.swift in Sources */ = {isa = PBXBuildFile; fileRef = 5F57DE322C341AD400E54238 /* Utilities.swift */; };
/* End PBXBuildFile section */

/* Begin PBXFileReference section */
		5F57DE192C34011A00E54238 /* CoreMLIntro.app */ = {isa = PBXFileReference; explicitFileType = wrapper.application; includeInIndex = 0; path = CoreMLIntro.app; sourceTree = BUILT_PRODUCTS_DIR; };
		5F57DE1C2C34011A00E54238 /* CoreMLIntroApp.swift */ = {isa = PBXFileReference; lastKnownFileType = sourcecode.swift; path = CoreMLIntroApp.swift; sourceTree = "<group>"; };
		5F57DE1E2C34011A00E54238 /* ContentView.swift */ = {isa = PBXFileReference; lastKnownFileType = sourcecode.swift; path = ContentView.swift; sourceTree = "<group>"; };
		5F57DE202C34011C00E54238 /* Assets.xcassets */ = {isa = PBXFileReference; lastKnownFileType = folder.assetcatalog; path = Assets.xcassets; sourceTree = "<group>"; };
		5F57DE232C34011C00E54238 /* Preview Assets.xcassets */ = {isa = PBXFileReference; lastKnownFileType = folder.assetcatalog; path = "Preview Assets.xcassets"; sourceTree = "<group>"; };
		5F57DE2A2C34185000E54238 /* Upscaler.swift */ = {isa = PBXFileReference; lastKnownFileType = sourcecode.swift; path = Upscaler.swift; sourceTree = "<group>"; };
		5F57DE2C2C34189F00E54238 /* Anime512.mlmodel */ = {isa = PBXFileReference; lastKnownFileType = file.mlmodel; path = Anime512.mlmodel; sourceTree = "<group>"; };
		5F57DE2E2C341A3400E54238 /* UIImage+CVPixelBuffer.swift */ = {isa = PBXFileReference; fileEncoding = 4; lastKnownFileType = sourcecode.swift; path = "UIImage+CVPixelBuffer.swift"; sourceTree = "<group>"; };
		5F57DE302C341A6500E54238 /* CGImage+CVPixelBuffer.swift */ = {isa = PBXFileReference; lastKnownFileType = sourcecode.swift; path = "CGImage+CVPixelBuffer.swift"; sourceTree = "<group>"; };
		5F57DE322C341AD400E54238 /* Utilities.swift */ = {isa = PBXFileReference; lastKnownFileType = sourcecode.swift; path = Utilities.swift; sourceTree = "<group>"; };
/* End PBXFileReference section */

/* Begin PBXFrameworksBuildPhase section */
		5F57DE162C34011A00E54238 /* Frameworks */ = {
			isa = PBXFrameworksBuildPhase;
			buildActionMask = 2147483647;
			files = (
			);
			runOnlyForDeploymentPostprocessing = 0;
		};
/* End PBXFrameworksBuildPhase section */

/* Begin PBXGroup section */
		5F57DE102C34011A00E54238 = {
			isa = PBXGroup;
			children = (
				5F57DE1B2C34011A00E54238 /* CoreMLIntro */,
				5F57DE1A2C34011A00E54238 /* Products */,
			);
			sourceTree = "<group>";
		};
		5F57DE1A2C34011A00E54238 /* Products */ = {
			isa = PBXGroup;
			children = (
				5F57DE192C34011A00E54238 /* CoreMLIntro.app */,
			);
			name = Products;
			sourceTree = "<group>";
		};
		5F57DE1B2C34011A00E54238 /* CoreMLIntro */ = {
			isa = PBXGroup;
			children = (
				5F57DE2A2C34185000E54238 /* Upscaler.swift */,
				5F57DE322C341AD400E54238 /* Utilities.swift */,
				5F57DE2E2C341A3400E54238 /* UIImage+CVPixelBuffer.swift */,
				5F57DE302C341A6500E54238 /* CGImage+CVPixelBuffer.swift */,
				5F57DE2C2C34189F00E54238 /* Anime512.mlmodel */,
				5F57DE1C2C34011A00E54238 /* CoreMLIntroApp.swift */,
				5F57DE1E2C34011A00E54238 /* ContentView.swift */,
				5F57DE202C34011C00E54238 /* Assets.xcassets */,
				5F57DE222C34011C00E54238 /* Preview Content */,
			);
			path = CoreMLIntro;
			sourceTree = "<group>";
		};
		5F57DE222C34011C00E54238 /* Preview Content */ = {
			isa = PBXGroup;
			children = (
				5F57DE232C34011C00E54238 /* Preview Assets.xcassets */,
			);
			path = "Preview Content";
			sourceTree = "<group>";
		};
/* End PBXGroup section */

/* Begin PBXNativeTarget section */
		5F57DE182C34011A00E54238 /* CoreMLIntro */ = {
			isa = PBXNativeTarget;
			buildConfigurationList = 5F57DE272C34011C00E54238 /* Build configuration list for PBXNativeTarget "CoreMLIntro" */;
			buildPhases = (
				5F57DE152C34011A00E54238 /* Sources */,
				5F57DE162C34011A00E54238 /* Frameworks */,
				5F57DE172C34011A00E54238 /* Resources */,
			);
			buildRules = (
			);
			dependencies = (
			);
			name = CoreMLIntro;
			productName = CoreMLIntro;
			productReference = 5F57DE192C34011A00E54238 /* CoreMLIntro.app */;
			productType = "com.apple.product-type.application";
		};
/* End PBXNativeTarget section */

/* Begin PBXProject section */
		5F57DE112C34011A00E54238 /* Project object */ = {
			isa = PBXProject;
			attributes = {
				BuildIndependentTargetsInParallel = 1;
				LastSwiftUpdateCheck = 1540;
				LastUpgradeCheck = 1540;
				TargetAttributes = {
					5F57DE182C34011A00E54238 = {
						CreatedOnToolsVersion = 15.4;
					};
				};
			};
			buildConfigurationList = 5F57DE142C34011A00E54238 /* Build configuration list for PBXProject "CoreMLIntro" */;
			compatibilityVersion = "Xcode 14.0";
			developmentRegion = en;
			hasScannedForEncodings = 0;
			knownRegions = (
				en,
				Base,
			);
			mainGroup = 5F57DE102C34011A00E54238;
			productRefGroup = 5F57DE1A2C34011A00E54238 /* Products */;
			projectDirPath = "";
			projectRoot = "";
			targets = (
				5F57DE182C34011A00E54238 /* CoreMLIntro */,
			);
		};
/* End PBXProject section */

/* Begin PBXResourcesBuildPhase section */
		5F57DE172C34011A00E54238 /* Resources */ = {
			isa = PBXResourcesBuildPhase;
			buildActionMask = 2147483647;
			files = (
				5F57DE242C34011C00E54238 /* Preview Assets.xcassets in Resources */,
				5F57DE212C34011C00E54238 /* Assets.xcassets in Resources */,
			);
			runOnlyForDeploymentPostprocessing = 0;
		};
/* End PBXResourcesBuildPhase section */

/* Begin PBXSourcesBuildPhase section */
		5F57DE152C34011A00E54238 /* Sources */ = {
			isa = PBXSourcesBuildPhase;
			buildActionMask = 2147483647;
			files = (
				5F57DE2B2C34185000E54238 /* Upscaler.swift in Sources */,
				5F57DE1F2C34011A00E54238 /* ContentView.swift in Sources */,
				5F57DE332C341AD400E54238 /* Utilities.swift in Sources */,
				5F57DE2F2C341A3500E54238 /* UIImage+CVPixelBuffer.swift in Sources */,
				5F57DE312C341A6500E54238 /* CGImage+CVPixelBuffer.swift in Sources */,
				5F57DE2D2C34189F00E54238 /* Anime512.mlmodel in Sources */,
				5F57DE1D2C34011A00E54238 /* CoreMLIntroApp.swift in Sources */,
			);
			runOnlyForDeploymentPostprocessing = 0;
		};
/* End PBXSourcesBuildPhase section */

/* Begin XCBuildConfiguration section */
		5F57DE252C34011C00E54238 /* Debug */ = {
			isa = XCBuildConfiguration;
			buildSettings = {
				ALWAYS_SEARCH_USER_PATHS = NO;
				ASSETCATALOG_COMPILER_GENERATE_SWIFT_ASSET_SYMBOL_EXTENSIONS = YES;
				CLANG_ANALYZER_NONNULL = YES;
				CLANG_ANALYZER_NUMBER_OBJECT_CONVERSION = YES_AGGRESSIVE;
				CLANG_CXX_LANGUAGE_STANDARD = "gnu++20";
				CLANG_ENABLE_MODULES = YES;
				CLANG_ENABLE_OBJC_ARC = YES;
				CLANG_ENABLE_OBJC_WEAK = YES;
				CLANG_WARN_BLOCK_CAPTURE_AUTORELEASING = YES;
				CLANG_WARN_BOOL_CONVERSION = YES;
				CLANG_WARN_COMMA = YES;
				CLANG_WARN_CONSTANT_CONVERSION = YES;
				CLANG_WARN_DEPRECATED_OBJC_IMPLEMENTATIONS = YES;
				CLANG_WARN_DIRECT_OBJC_ISA_USAGE = YES_ERROR;
				CLANG_WARN_DOCUMENTATION_COMMENTS = YES;
				CLANG_WARN_EMPTY_BODY = YES;
				CLANG_WARN_ENUM_CONVERSION = YES;
				CLANG_WARN_INFINITE_RECURSION = YES;
				CLANG_WARN_INT_CONVERSION = YES;
				CLANG_WARN_NON_LITERAL_NULL_CONVERSION = YES;
				CLANG_WARN_OBJC_IMPLICIT_RETAIN_SELF = YES;
				CLANG_WARN_OBJC_LITERAL_CONVERSION = YES;
				CLANG_WARN_OBJC_ROOT_CLASS = YES_ERROR;
				CLANG_WARN_QUOTED_INCLUDE_IN_FRAMEWORK_HEADER = YES;
				CLANG_WARN_RANGE_LOOP_ANALYSIS = YES;
				CLANG_WARN_STRICT_PROTOTYPES = YES;
				CLANG_WARN_SUSPICIOUS_MOVE = YES;
				CLANG_WARN_UNGUARDED_AVAILABILITY = YES_AGGRESSIVE;
				CLANG_WARN_UNREACHABLE_CODE = YES;
				CLANG_WARN__DUPLICATE_METHOD_MATCH = YES;
				COPY_PHASE_STRIP = NO;
				DEBUG_INFORMATION_FORMAT = dwarf;
				ENABLE_STRICT_OBJC_MSGSEND = YES;
				ENABLE_TESTABILITY = YES;
				ENABLE_USER_SCRIPT_SANDBOXING = YES;
				GCC_C_LANGUAGE_STANDARD = gnu17;
				GCC_DYNAMIC_NO_PIC = NO;
				GCC_NO_COMMON_BLOCKS = YES;
				GCC_OPTIMIZATION_LEVEL = 0;
				GCC_PREPROCESSOR_DEFINITIONS = (
					"DEBUG=1",
					"$(inherited)",
				);
				GCC_WARN_64_TO_32_BIT_CONVERSION = YES;
				GCC_WARN_ABOUT_RETURN_TYPE = YES_ERROR;
				GCC_WARN_UNDECLARED_SELECTOR = YES;
				GCC_WARN_UNINITIALIZED_AUTOS = YES_AGGRESSIVE;
				GCC_WARN_UNUSED_FUNCTION = YES;
				GCC_WARN_UNUSED_VARIABLE = YES;
				IPHONEOS_DEPLOYMENT_TARGET = 17.5;
				LOCALIZATION_PREFERS_STRING_CATALOGS = YES;
				MTL_ENABLE_DEBUG_INFO = INCLUDE_SOURCE;
				MTL_FAST_MATH = YES;
				ONLY_ACTIVE_ARCH = YES;
				SDKROOT = iphoneos;
				SWIFT_ACTIVE_COMPILATION_CONDITIONS = "DEBUG $(inherited)";
				SWIFT_OPTIMIZATION_LEVEL = "-Onone";
			};
			name = Debug;
		};
		5F57DE262C34011C00E54238 /* Release */ = {
			isa = XCBuildConfiguration;
			buildSettings = {
				ALWAYS_SEARCH_USER_PATHS = NO;
				ASSETCATALOG_COMPILER_GENERATE_SWIFT_ASSET_SYMBOL_EXTENSIONS = YES;
				CLANG_ANALYZER_NONNULL = YES;
				CLANG_ANALYZER_NUMBER_OBJECT_CONVERSION = YES_AGGRESSIVE;
				CLANG_CXX_LANGUAGE_STANDARD = "gnu++20";
				CLANG_ENABLE_MODULES = YES;
				CLANG_ENABLE_OBJC_ARC = YES;
				CLANG_ENABLE_OBJC_WEAK = YES;
				CLANG_WARN_BLOCK_CAPTURE_AUTORELEASING = YES;
				CLANG_WARN_BOOL_CONVERSION = YES;
				CLANG_WARN_COMMA = YES;
				CLANG_WARN_CONSTANT_CONVERSION = YES;
				CLANG_WARN_DEPRECATED_OBJC_IMPLEMENTATIONS = YES;
				CLANG_WARN_DIRECT_OBJC_ISA_USAGE = YES_ERROR;
				CLANG_WARN_DOCUMENTATION_COMMENTS = YES;
				CLANG_WARN_EMPTY_BODY = YES;
				CLANG_WARN_ENUM_CONVERSION = YES;
				CLANG_WARN_INFINITE_RECURSION = YES;
				CLANG_WARN_INT_CONVERSION = YES;
				CLANG_WARN_NON_LITERAL_NULL_CONVERSION = YES;
				CLANG_WARN_OBJC_IMPLICIT_RETAIN_SELF = YES;
				CLANG_WARN_OBJC_LITERAL_CONVERSION = YES;
				CLANG_WARN_OBJC_ROOT_CLASS = YES_ERROR;
				CLANG_WARN_QUOTED_INCLUDE_IN_FRAMEWORK_HEADER = YES;
				CLANG_WARN_RANGE_LOOP_ANALYSIS = YES;
				CLANG_WARN_STRICT_PROTOTYPES = YES;
				CLANG_WARN_SUSPICIOUS_MOVE = YES;
				CLANG_WARN_UNGUARDED_AVAILABILITY = YES_AGGRESSIVE;
				CLANG_WARN_UNREACHABLE_CODE = YES;
				CLANG_WARN__DUPLICATE_METHOD_MATCH = YES;
				COPY_PHASE_STRIP = NO;
				DEBUG_INFORMATION_FORMAT = "dwarf-with-dsym";
				ENABLE_NS_ASSERTIONS = NO;
				ENABLE_STRICT_OBJC_MSGSEND = YES;
				ENABLE_USER_SCRIPT_SANDBOXING = YES;
				GCC_C_LANGUAGE_STANDARD = gnu17;
				GCC_NO_COMMON_BLOCKS = YES;
				GCC_WARN_64_TO_32_BIT_CONVERSION = YES;
				GCC_WARN_ABOUT_RETURN_TYPE = YES_ERROR;
				GCC_WARN_UNDECLARED_SELECTOR = YES;
				GCC_WARN_UNINITIALIZED_AUTOS = YES_AGGRESSIVE;
				GCC_WARN_UNUSED_FUNCTION = YES;
				GCC_WARN_UNUSED_VARIABLE = YES;
				IPHONEOS_DEPLOYMENT_TARGET = 17.5;
				LOCALIZATION_PREFERS_STRING_CATALOGS = YES;
				MTL_ENABLE_DEBUG_INFO = NO;
				MTL_FAST_MATH = YES;
				SDKROOT = iphoneos;
				SWIFT_COMPILATION_MODE = wholemodule;
				VALIDATE_PRODUCT = YES;
			};
			name = Release;
		};
		5F57DE282C34011C00E54238 /* Debug */ = {
			isa = XCBuildConfiguration;
			buildSettings = {
				ASSETCATALOG_COMPILER_APPICON_NAME = AppIcon;
				ASSETCATALOG_COMPILER_GLOBAL_ACCENT_COLOR_NAME = AccentColor;
				CODE_SIGN_STYLE = Automatic;
				CURRENT_PROJECT_VERSION = 1;
				DEVELOPMENT_ASSET_PATHS = "\"CoreMLIntro/Preview Content\"";
				DEVELOPMENT_TEAM = Z3XDWNA6C6;
				ENABLE_PREVIEWS = YES;
				GENERATE_INFOPLIST_FILE = YES;
				INFOPLIST_KEY_UIApplicationSceneManifest_Generation = YES;
				INFOPLIST_KEY_UIApplicationSupportsIndirectInputEvents = YES;
				INFOPLIST_KEY_UILaunchScreen_Generation = YES;
				INFOPLIST_KEY_UISupportedInterfaceOrientations_iPad = "UIInterfaceOrientationPortrait UIInterfaceOrientationPortraitUpsideDown UIInterfaceOrientationLandscapeLeft UIInterfaceOrientationLandscapeRight";
				INFOPLIST_KEY_UISupportedInterfaceOrientations_iPhone = "UIInterfaceOrientationPortrait UIInterfaceOrientationLandscapeLeft UIInterfaceOrientationLandscapeRight";
				LD_RUNPATH_SEARCH_PATHS = (
					"$(inherited)",
					"@executable_path/Frameworks",
				);
				MARKETING_VERSION = 1.0;
				PRODUCT_BUNDLE_IDENTIFIER = jbapps.CoreMLIntro;
				PRODUCT_NAME = "$(TARGET_NAME)";
				SWIFT_EMIT_LOC_STRINGS = YES;
				SWIFT_VERSION = 5.0;
				TARGETED_DEVICE_FAMILY = "1,2";
			};
			name = Debug;
		};
		5F57DE292C34011C00E54238 /* Release */ = {
			isa = XCBuildConfiguration;
			buildSettings = {
				ASSETCATALOG_COMPILER_APPICON_NAME = AppIcon;
				ASSETCATALOG_COMPILER_GLOBAL_ACCENT_COLOR_NAME = AccentColor;
				CODE_SIGN_STYLE = Automatic;
				CURRENT_PROJECT_VERSION = 1;
				DEVELOPMENT_ASSET_PATHS = "\"CoreMLIntro/Preview Content\"";
				DEVELOPMENT_TEAM = Z3XDWNA6C6;
				ENABLE_PREVIEWS = YES;
				GENERATE_INFOPLIST_FILE = YES;
				INFOPLIST_KEY_UIApplicationSceneManifest_Generation = YES;
				INFOPLIST_KEY_UIApplicationSupportsIndirectInputEvents = YES;
				INFOPLIST_KEY_UILaunchScreen_Generation = YES;
				INFOPLIST_KEY_UISupportedInterfaceOrientations_iPad = "UIInterfaceOrientationPortrait UIInterfaceOrientationPortraitUpsideDown UIInterfaceOrientationLandscapeLeft UIInterfaceOrientationLandscapeRight";
				INFOPLIST_KEY_UISupportedInterfaceOrientations_iPhone = "UIInterfaceOrientationPortrait UIInterfaceOrientationLandscapeLeft UIInterfaceOrientationLandscapeRight";
				LD_RUNPATH_SEARCH_PATHS = (
					"$(inherited)",
					"@executable_path/Frameworks",
				);
				MARKETING_VERSION = 1.0;
				PRODUCT_BUNDLE_IDENTIFIER = jbapps.CoreMLIntro;
				PRODUCT_NAME = "$(TARGET_NAME)";
				SWIFT_EMIT_LOC_STRINGS = YES;
				SWIFT_VERSION = 5.0;
				TARGETED_DEVICE_FAMILY = "1,2";
			};
			name = Release;
		};
/* End XCBuildConfiguration section */

/* Begin XCConfigurationList section */
		5F57DE142C34011A00E54238 /* Build configuration list for PBXProject "CoreMLIntro" */ = {
			isa = XCConfigurationList;
			buildConfigurations = (
				5F57DE252C34011C00E54238 /* Debug */,
				5F57DE262C34011C00E54238 /* Release */,
			);
			defaultConfigurationIsVisible = 0;
			defaultConfigurationName = Release;
		};
		5F57DE272C34011C00E54238 /* Build configuration list for PBXNativeTarget "CoreMLIntro" */ = {
			isa = XCConfigurationList;
			buildConfigurations = (
				5F57DE282C34011C00E54238 /* Debug */,
				5F57DE292C34011C00E54238 /* Release */,
			);
			defaultConfigurationIsVisible = 0;
			defaultConfigurationName = Release;
		};
/* End XCConfigurationList section */
	};
	rootObject = 5F57DE112C34011A00E54238 /* Project object */;
}
